{
  "name": "cute-tech-relay",
  "version": "1.0.0",
  "lockfileVersion": 3,
  "requires": true,
  "packages": {
    "": {
      "name": "cute-tech-relay",
      "version": "1.0.0",
      "devDependencies": {
        "workerd": "latest"
      }
    },
    "node_modules/@cloudflare/workerd-darwin-64": {
      "version": "1.20260704.1",
      "resolved": "https://registry.npmjs.org/@cloudflare/workerd-darwin-64/-/workerd-darwin-64-1.20260704.1.tgz",
      "integrity": "sha512-XO+vvdhhTNZSsIWCkZ+JaE/JrFUmQAB0H0y/sVkAf32xa2TYBRvFUMwjSqf6WxtlxcKPQvmbLfpO/UQ0l/q4eQ==",
      "cpu": [
        "x64"
      ],
      "dev": true,
      "license": "Apache-2.0",
      "optional": true,
      "os": [
        "darwin"
      ],
      "engines": {
        "node": ">=16"
      }
    },
    "node_modules/@cloudflare/workerd-darwin-arm64": {
      "version": "1.20260704.1",
      "resolved": "https://registry.npmjs.org/@cloudflare/workerd-darwin-arm64/-/workerd-darwin-arm64-1.20260704.1.tgz",
      "integrity": "sha512-6iI7nbOOO8PzEQ6UZVBZB/hv95m8jl0yvyjMuWrF5cJbiLb5zPw3KnpqvGi+aeOs2ZmUkc81i1FWKfXwLXzPRA==",
      "cpu": [
        "arm64"
      ],
      "dev": true,
      "license": "Apache-2.0",
      "optional": true,
      "os": [
        "darwin"
      ],
      "engines": {
        "node": ">=16"
      }
    },
    "node_modules/@cloudflare/workerd-linux-64": {
      "version": "1.20260704.1",
      "resolved": "https://registry.npmjs.org/@cloudflare/workerd-linux-64/-/workerd-linux-64-1.20260704.1.tgz",
      "integrity": "sha512-3mT0YHtxT7eLjghu3hKSJDUQoz+AYv8FM43nLPYhM0YiHOxr8OlmvnCb2Lp7v/U3bwd3Gnx7WEqjSppR583mGg==",
      "cpu": [
        "x64"
      ],
      "dev": true,
      "license": "Apache-2.0",
      "optional": true,
      "os": [
        "linux"
      ],
      "engines": {
        "node": ">=16"
      }
    },
    "node_modules/@cloudflare/workerd-linux-arm64": {
      "version": "1.20260704.1",
      "resolved": "https://registry.npmjs.org/@cloudflare/workerd-linux-arm64/-/workerd-linux-arm64-1.20260704.1.tgz",
      "integrity": "sha512-Opo7cPTPg4x0WwK+eZSDszCyFLKQkOGNCWxF005HRTJ5SJH8h0K9KyrC1k4LBwx3haXSVi+E1eGqo1gZ1Hmhkg==",
      "cpu": [
        "arm64"
      ],
      "dev": true,
      "license": "Apache-2.0",
      "optional": true,
      "os": [
        "linux"
      ],
      "engines": {
        "node": ">=16"
      }
    },
    "node_modules/@cloudflare/workerd-windows-64": {
      "version": "1.20260704.1",
      "resolved": "https://registry.npmjs.org/@cloudflare/workerd-windows-64/-/workerd-windows-64-1.20260704.1.tgz",
      "integrity": "sha512-a97Ecnzhy04x3U052VKPCNp863F7Wf00WY7Ga5P0SbtYvaO1PDzylsHrvFMPKeiDFcOwqiredawmJ+v6bhIgeQ==",
      "cpu": [
        "x64"
      ],
      "dev": true,
      "license": "Apache-2.0",
      "optional": true,
      "os": [
        "win32"
      ],
      "engines": {
        "node": ">=16"
      }
    },
    "node_modules/workerd": {
      "version": "1.20260704.1",
      "resolved": "https://registry.npmjs.org/workerd/-/workerd-1.20260704.1.tgz",
      "integrity": "sha512-GDZ0jzIYDYfN7rCt/oFJv4BG3QJ+4IS2kfRvxEMY9VKIfPhzo63PH69Ir7ug8LfORCgCtmfkiQVXrqbot7pZTQ==",
      "dev": true,
      "hasInstallScript": true,
      "license": "Apache-2.0",
      "bin": {
        "workerd": "bin/workerd"
      },
      "engines": {
        "node": ">=16"
      },
      "optionalDependencies": {
        "@cloudflare/workerd-darwin-64": "1.20260704.1",
        "@cloudflare/workerd-darwin-arm64": "1.20260704.1",
        "@cloudflare/workerd-linux-64": "1.20260704.1",
        "@cloudflare/workerd-linux-arm64": "1.20260704.1",
        "@cloudflare/workerd-windows-64": "1.20260704.1"
      }
    }
  }
}
